{
  "name": "test-package",
  "version": "1.0.0",
  "lockfileVersion": 1,
  "requires": true,
  "dependencies": {
    "@aatagiltsev/ajs": {
      "version": "1.0.0",
      "resolved": "https://npm.pkg.github.com/download/@aatagiltsev/ajs/1.0.0/23d1660d9c95a5fc7a4d75045a572865331efcd4",
      "integrity": "sha512-UxyN2XywlhL2DPfjnT5jpP6pFUR6M+c3bLSlmavQ/jju7T92XQmhlCwZdVe2SlaCzkVafuG0yU4yQD8OiCjwXg=="
    }
  }
}
